
Microsoft Visual Studio Solution File, Format Version 12.00
# Visual Studio Version 16
VisualStudioVersion = 16.0.810.15
MinimumVisualStudioVersion = 10.0.40219.1
Project("{FAE04EC0-301F-11D3-BF4B-00C04F79EFBC}") = "Guestbook", "Guestbook.csproj", "{D4DE0ADA-992F-4F6E-B5F9-9793CC6FA6A7}"
EndProject
Global
	GlobalSection(SolutionConfigurationPlatforms) = preSolution
		Debug|Any CPU = Debug|Any CPU
		Release|Any CPU = Release|Any CPU
	EndGlobalSection
	GlobalSection(ProjectConfigurationPlatforms) = postSolution
		{D4DE0ADA-992F-4F6E-B5F9-9793CC6FA6A7}.Debug|Any CPU.ActiveCfg = Debug|Any CPU
		{D4DE0ADA-992F-4F6E-B5F9-9793CC6FA6A7}.Debug|Any CPU.Build.0 = Debug|Any CPU
		{D4DE0ADA-992F-4F6E-B5F9-9793CC6FA6A7}.Release|Any CPU.ActiveCfg = Release|Any CPU
		{D4DE0ADA-992F-4F6E-B5F9-9793CC6FA6A7}.Release|Any CPU.Build.0 = Release|Any CPU
	EndGlobalSection
	GlobalSection(SolutionProperties) = preSolution
		HideSolutionNode = FALSE
	EndGlobalSection
	GlobalSection(ExtensibilityGlobals) = postSolution
		SolutionGuid = {BB9CFEE0-0F97-4329-AF8C-A947CFB78F97}
	EndGlobalSection
EndGlobal
